<?xml version="1.0" encoding="UTF-8" standalone="yes" ?>
<CodeBlocks_project_file>
	<FileVersion major="1" minor="6" />
	<Project>
		<Option title="Projet_theorie_des_graphes" />
		<Option pch_mode="2" />
		<Option compiler="gcc" />
		<Build>
			<Target title="Debug">
				<Option output="bin/Debug/Projet_theorie_des_graphes" prefix_auto="1" extension_auto="1" />
				<Option object_output="obj/Debug/" />
				<Option type="1" />
				<Option compiler="gcc" />
				<Compiler>
					<Add option="-g" />
				</Compiler>
				<Linker>
					<Add library="alleg44.dll" />
				</Linker>
			</Target>
			<Target title="Release">
				<Option output="bin/Release/Projet_theorie_des_graphes" prefix_auto="1" extension_auto="1" />
				<Option object_output="obj/Release/" />
				<Option type="1" />
				<Option compiler="gcc" />
				<Compiler>
					<Add option="-O2" />
				</Compiler>
				<Linker>
					<Add option="-s" />
				</Linker>
			</Target>
		</Build>
		<Compiler>
			<Add option="-Wall" />
			<Add option="-fexceptions" />
		</Compiler>
		<Unit filename="Classes/Aeroport.h" />
		<Unit filename="Classes/Avion.h" />
		<Unit filename="Classes/Menu.h" />
		<Unit filename="Classes/Monde.h" />
		<Unit filename="Classes/Nuage.h" />
		<Unit filename="Classes/Vol.h" />
		<Unit filename="Methodes_Classes/Aeroport.cpp" />
		<Unit filename="Methodes_Classes/Avion.cpp" />
		<Unit filename="Methodes_Classes/Menu.cpp" />
		<Unit filename="Methodes_Classes/Monde.cpp" />
		<Unit filename="Methodes_Classes/Nuage.cpp" />
		<Unit filename="Methodes_Classes/Vol.cpp" />
		<Unit filename="Simulation/GestionAtterrissagesDecollages.cpp" />
		<Unit filename="main.cpp" />
		<Extensions>
			<lib_finder disable_auto="1" />
		</Extensions>
	</Project>
</CodeBlocks_project_file>
